
Microsoft Visual Studio Solution File, Format Version 12.00
# Visual Studio Version 16
VisualStudioVersion = 16.0.33529.622
MinimumVisualStudioVersion = 10.0.40219.1
Project("{FAE04EC0-301F-11D3-BF4B-00C04F79EFBC}") = "Constructors", "Constructors\Constructors.csproj", "{A390655A-EB28-4648-B42D-5F9C32E93A90}"
EndProject
Global
	GlobalSection(SolutionConfigurationPlatforms) = preSolution
		Debug|Any CPU = Debug|Any CPU
		Release|Any CPU = Release|Any CPU
	EndGlobalSection
	GlobalSection(ProjectConfigurationPlatforms) = postSolution
		{A390655A-EB28-4648-B42D-5F9C32E93A90}.Debug|Any CPU.ActiveCfg = Debug|Any CPU
		{A390655A-EB28-4648-B42D-5F9C32E93A90}.Debug|Any CPU.Build.0 = Debug|Any CPU
		{A390655A-EB28-4648-B42D-5F9C32E93A90}.Release|Any CPU.ActiveCfg = Release|Any CPU
		{A390655A-EB28-4648-B42D-5F9C32E93A90}.Release|Any CPU.Build.0 = Release|Any CPU
	EndGlobalSection
	GlobalSection(SolutionProperties) = preSolution
		HideSolutionNode = FALSE
	EndGlobalSection
	GlobalSection(ExtensibilityGlobals) = postSolution
		SolutionGuid = {B0AE5B18-E682-4F27-A923-8D820869947F}
	EndGlobalSection
EndGlobal
